
Microsoft Visual Studio Solution File, Format Version 12.00
# Visual Studio Version 17
VisualStudioVersion = 17.3.32929.385
MinimumVisualStudioVersion = 10.0.40219.1
Project("{9A19103F-16F7-4668-BE54-9A1E7A4F7556}") = "Lib1", "Lib1\Lib1.csproj", "{33D305A7-EB0A-4487-9DE2-FD705D7651CF}"
EndProject
Project("{9A19103F-16F7-4668-BE54-9A1E7A4F7556}") = "Lib2", "Lib2\Lib2.csproj", "{995A90E3-BC5A-4539-9527-59A79366A682}"
EndProject
Global
	GlobalSection(SolutionConfigurationPlatforms) = preSolution
		Debug|Any CPU = Debug|Any CPU
		Release|Any CPU = Release|Any CPU
	EndGlobalSection
	GlobalSection(ProjectConfigurationPlatforms) = postSolution
		{33D305A7-EB0A-4487-9DE2-FD705D7651CF}.Debug|Any CPU.ActiveCfg = Debug|Any CPU
		{33D305A7-EB0A-4487-9DE2-FD705D7651CF}.Debug|Any CPU.Build.0 = Debug|Any CPU
		{33D305A7-EB0A-4487-9DE2-FD705D7651CF}.Release|Any CPU.ActiveCfg = Release|Any CPU
		{33D305A7-EB0A-4487-9DE2-FD705D7651CF}.Release|Any CPU.Build.0 = Release|Any CPU
		{995A90E3-BC5A-4539-9527-59A79366A682}.Debug|Any CPU.ActiveCfg = Debug|Any CPU
		{995A90E3-BC5A-4539-9527-59A79366A682}.Debug|Any CPU.Build.0 = Debug|Any CPU
		{995A90E3-BC5A-4539-9527-59A79366A682}.Release|Any CPU.ActiveCfg = Release|Any CPU
		{995A90E3-BC5A-4539-9527-59A79366A682}.Release|Any CPU.Build.0 = Release|Any CPU
	EndGlobalSection
	GlobalSection(SolutionProperties) = preSolution
		HideSolutionNode = FALSE
	EndGlobalSection
	GlobalSection(ExtensibilityGlobals) = postSolution
		SolutionGuid = {96F0EEF4-6388-447D-B1DC-29DA5C2BFA32}
	EndGlobalSection
EndGlobal
